
Microsoft Visual Studio Solution File, Format Version 12.00
# Visual Studio Version 17
VisualStudioVersion = 17.14.36212.18 d17.14
MinimumVisualStudioVersion = 10.0.40219.1
Project("{FAE04EC0-301F-11D3-BF4B-00C04F79EFBC}") = "Bula", "Bula\Bula.csproj", "{B47ED654-2595-4F3D-B9DC-42C0196513FC}"
EndProject
Global
	GlobalSection(SolutionConfigurationPlatforms) = preSolution
		Debug|Any CPU = Debug|Any CPU
		Release|Any CPU = Release|Any CPU
	EndGlobalSection
	GlobalSection(ProjectConfigurationPlatforms) = postSolution
		{B47ED654-2595-4F3D-B9DC-42C0196513FC}.Debug|Any CPU.ActiveCfg = Debug|Any CPU
		{B47ED654-2595-4F3D-B9DC-42C0196513FC}.Debug|Any CPU.Build.0 = Debug|Any CPU
		{B47ED654-2595-4F3D-B9DC-42C0196513FC}.Release|Any CPU.ActiveCfg = Release|Any CPU
		{B47ED654-2595-4F3D-B9DC-42C0196513FC}.Release|Any CPU.Build.0 = Release|Any CPU
	EndGlobalSection
	GlobalSection(SolutionProperties) = preSolution
		HideSolutionNode = FALSE
	EndGlobalSection
	GlobalSection(ExtensibilityGlobals) = postSolution
		SolutionGuid = {E9CA9864-5F3D-4DF1-A9A8-0D07C9A98ED2}
	EndGlobalSection
EndGlobal
