
Microsoft Visual Studio Solution File, Format Version 12.00
# Visual Studio Version 17
VisualStudioVersion = 17.5.33627.172
MinimumVisualStudioVersion = 10.0.40219.1
Project("{FAE04EC0-301F-11D3-BF4B-00C04F79EFBC}") = "Game", "Game\Game.csproj", "{2C519F16-E62E-486B-952A-889B760E93F2}"
EndProject
Project("{FAE04EC0-301F-11D3-BF4B-00C04F79EFBC}") = "Packet_Chat", "Packet_Chat\Packet_Chat.csproj", "{AF83D429-5961-4AA8-8245-653CD1B02589}"
EndProject
Global
	GlobalSection(SolutionConfigurationPlatforms) = preSolution
		Debug|Any CPU = Debug|Any CPU
		Release|Any CPU = Release|Any CPU
	EndGlobalSection
	GlobalSection(ProjectConfigurationPlatforms) = postSolution
		{2C519F16-E62E-486B-952A-889B760E93F2}.Debug|Any CPU.ActiveCfg = Debug|Any CPU
		{2C519F16-E62E-486B-952A-889B760E93F2}.Debug|Any CPU.Build.0 = Debug|Any CPU
		{2C519F16-E62E-486B-952A-889B760E93F2}.Release|Any CPU.ActiveCfg = Release|Any CPU
		{2C519F16-E62E-486B-952A-889B760E93F2}.Release|Any CPU.Build.0 = Release|Any CPU
		{AF83D429-5961-4AA8-8245-653CD1B02589}.Debug|Any CPU.ActiveCfg = Debug|Any CPU
		{AF83D429-5961-4AA8-8245-653CD1B02589}.Debug|Any CPU.Build.0 = Debug|Any CPU
		{AF83D429-5961-4AA8-8245-653CD1B02589}.Release|Any CPU.ActiveCfg = Release|Any CPU
		{AF83D429-5961-4AA8-8245-653CD1B02589}.Release|Any CPU.Build.0 = Release|Any CPU
	EndGlobalSection
	GlobalSection(SolutionProperties) = preSolution
		HideSolutionNode = FALSE
	EndGlobalSection
	GlobalSection(ExtensibilityGlobals) = postSolution
		SolutionGuid = {8913CACA-97EF-4AE7-834C-04C27C1FE441}
	EndGlobalSection
EndGlobal
